
Microsoft Visual Studio Solution File, Format Version 12.00
# Visual Studio Version 16
VisualStudioVersion = 16.0.30021.99
MinimumVisualStudioVersion = 10.0.40219.1
Project("{FAE04EC0-301F-11D3-BF4B-00C04F79EFBC}") = "findTool", "findTool\findTool.csproj", "{A489B8C9-C74C-489C-A87C-AB1CA1F6927E}"
EndProject
Global
	GlobalSection(SolutionConfigurationPlatforms) = preSolution
		Debug|Any CPU = Debug|Any CPU
		Release|Any CPU = Release|Any CPU
	EndGlobalSection
	GlobalSection(ProjectConfigurationPlatforms) = postSolution
		{A489B8C9-C74C-489C-A87C-AB1CA1F6927E}.Debug|Any CPU.ActiveCfg = Debug|Any CPU
		{A489B8C9-C74C-489C-A87C-AB1CA1F6927E}.Debug|Any CPU.Build.0 = Debug|Any CPU
		{A489B8C9-C74C-489C-A87C-AB1CA1F6927E}.Release|Any CPU.ActiveCfg = Release|Any CPU
		{A489B8C9-C74C-489C-A87C-AB1CA1F6927E}.Release|Any CPU.Build.0 = Release|Any CPU
	EndGlobalSection
	GlobalSection(SolutionProperties) = preSolution
		HideSolutionNode = FALSE
	EndGlobalSection
	GlobalSection(ExtensibilityGlobals) = postSolution
		SolutionGuid = {EB1920FA-149E-481F-97B2-2B1600C88597}
	EndGlobalSection
	GlobalSection(TeamFoundationVersionControl) = preSolution
		SccNumberOfProjects = 2
		SccEnterpriseProvider = {4CA58AB2-18FA-4F8D-95D4-32DDF27D184C}
		SccTeamFoundationServer = https://dev.azure.com/yermolenkooleg2012
		SccLocalPath0 = .
		SccProjectUniqueName1 = findTool\\findTool.csproj
		SccProjectName1 = findTool
		SccLocalPath1 = findTool
	EndGlobalSection
EndGlobal
